
Microsoft Visual Studio Solution File, Format Version 12.00
# Visual Studio 14
VisualStudioVersion = 14.0.25123.0
MinimumVisualStudioVersion = 10.0.40219.1
Project("{FAE04EC0-301F-11D3-BF4B-00C04F79EFBC}") = "JSON to XML", "JSON to XML\JSON to XML.csproj", "{ECDF1518-9484-4800-A570-8E837DDD88C2}"
EndProject
Global
	GlobalSection(SolutionConfigurationPlatforms) = preSolution
		Debug|Any CPU = Debug|Any CPU
		Release|Any CPU = Release|Any CPU
	EndGlobalSection
	GlobalSection(ProjectConfigurationPlatforms) = postSolution
		{ECDF1518-9484-4800-A570-8E837DDD88C2}.Debug|Any CPU.ActiveCfg = Debug|Any CPU
		{ECDF1518-9484-4800-A570-8E837DDD88C2}.Debug|Any CPU.Build.0 = Debug|Any CPU
		{ECDF1518-9484-4800-A570-8E837DDD88C2}.Release|Any CPU.ActiveCfg = Release|Any CPU
		{ECDF1518-9484-4800-A570-8E837DDD88C2}.Release|Any CPU.Build.0 = Release|Any CPU
	EndGlobalSection
	GlobalSection(SolutionProperties) = preSolution
		HideSolutionNode = FALSE
	EndGlobalSection
EndGlobal
